
Microsoft Visual Studio Solution File, Format Version 12.00
# Visual Studio Version 16
VisualStudioVersion = 16.0.30011.22
MinimumVisualStudioVersion = 10.0.40219.1
Project("{FAE04EC0-301F-11D3-BF4B-00C04F79EFBC}") = "Place_Holder", "Place_Holder\Place_Holder.csproj", "{D86F98F9-8246-4201-B0C6-5F037A3835C1}"
EndProject
Global
	GlobalSection(SolutionConfigurationPlatforms) = preSolution
		Debug|Any CPU = Debug|Any CPU
		Release|Any CPU = Release|Any CPU
	EndGlobalSection
	GlobalSection(ProjectConfigurationPlatforms) = postSolution
		{D86F98F9-8246-4201-B0C6-5F037A3835C1}.Debug|Any CPU.ActiveCfg = Debug|Any CPU
		{D86F98F9-8246-4201-B0C6-5F037A3835C1}.Debug|Any CPU.Build.0 = Debug|Any CPU
		{D86F98F9-8246-4201-B0C6-5F037A3835C1}.Release|Any CPU.ActiveCfg = Release|Any CPU
		{D86F98F9-8246-4201-B0C6-5F037A3835C1}.Release|Any CPU.Build.0 = Release|Any CPU
	EndGlobalSection
	GlobalSection(SolutionProperties) = preSolution
		HideSolutionNode = FALSE
	EndGlobalSection
	GlobalSection(ExtensibilityGlobals) = postSolution
		SolutionGuid = {14953666-7822-4FED-AFFA-61C1CC4647CD}
	EndGlobalSection
EndGlobal
