
Microsoft Visual Studio Solution File, Format Version 12.00
# Visual Studio Version 16
VisualStudioVersion = 16.0.30011.22
MinimumVisualStudioVersion = 10.0.40219.1
Project("{FAE04EC0-301F-11D3-BF4B-00C04F79EFBC}") = "Exercicio_Fixacao_6", "Exercicio_Fixacao_6\Exercicio_Fixacao_6.csproj", "{0FC34236-F828-4020-9D04-8BCC1AC91041}"
EndProject
Global
	GlobalSection(SolutionConfigurationPlatforms) = preSolution
		Debug|Any CPU = Debug|Any CPU
		Release|Any CPU = Release|Any CPU
	EndGlobalSection
	GlobalSection(ProjectConfigurationPlatforms) = postSolution
		{0FC34236-F828-4020-9D04-8BCC1AC91041}.Debug|Any CPU.ActiveCfg = Debug|Any CPU
		{0FC34236-F828-4020-9D04-8BCC1AC91041}.Debug|Any CPU.Build.0 = Debug|Any CPU
		{0FC34236-F828-4020-9D04-8BCC1AC91041}.Release|Any CPU.ActiveCfg = Release|Any CPU
		{0FC34236-F828-4020-9D04-8BCC1AC91041}.Release|Any CPU.Build.0 = Release|Any CPU
	EndGlobalSection
	GlobalSection(SolutionProperties) = preSolution
		HideSolutionNode = FALSE
	EndGlobalSection
	GlobalSection(ExtensibilityGlobals) = postSolution
		SolutionGuid = {A4154983-D512-40FE-BACD-2F7B8945AFAB}
	EndGlobalSection
EndGlobal
