
Microsoft Visual Studio Solution File, Format Version 12.00
# Visual Studio Version 16
VisualStudioVersion = 16.0.30011.22
MinimumVisualStudioVersion = 10.0.40219.1
Project("{FAE04EC0-301F-11D3-BF4B-00C04F79EFBC}") = "Exercicios_de_Fixacao_Static", "Exercicios_de_Fixacao_Static\Exercicios_de_Fixacao_Static.csproj", "{F33286FF-1B6E-4712-B1C9-3846CA8A301D}"
EndProject
Global
	GlobalSection(SolutionConfigurationPlatforms) = preSolution
		Debug|Any CPU = Debug|Any CPU
		Release|Any CPU = Release|Any CPU
	EndGlobalSection
	GlobalSection(ProjectConfigurationPlatforms) = postSolution
		{F33286FF-1B6E-4712-B1C9-3846CA8A301D}.Debug|Any CPU.ActiveCfg = Debug|Any CPU
		{F33286FF-1B6E-4712-B1C9-3846CA8A301D}.Debug|Any CPU.Build.0 = Debug|Any CPU
		{F33286FF-1B6E-4712-B1C9-3846CA8A301D}.Release|Any CPU.ActiveCfg = Release|Any CPU
		{F33286FF-1B6E-4712-B1C9-3846CA8A301D}.Release|Any CPU.Build.0 = Release|Any CPU
	EndGlobalSection
	GlobalSection(SolutionProperties) = preSolution
		HideSolutionNode = FALSE
	EndGlobalSection
	GlobalSection(ExtensibilityGlobals) = postSolution
		SolutionGuid = {01440D03-CF67-4824-826C-BEB5AE46601E}
	EndGlobalSection
EndGlobal
